# This file is automatically @generated by Cargo.
# It is not intended for manual editing.
version = 4

[[package]]
name = "rusl"
version = "0.1.0"
dependencies = [
 "rusl-core",
 "rusl-ctype",
 "rusl-env",
 "rusl-errno",
 "rusl-exit",
 "rusl-internal",
 "rusl-malloc",
 "rusl-prng",
 "rusl-regex",
 "rusl-search",
 "rusl-stdio",
 "rusl-stdlib",
 "rusl-string",
 "rusl-unistd",
 "test-framework",
]

[[package]]
name = "rusl-core"
version = "0.1.0"
dependencies = [
 "test-framework",
]

[[package]]
name = "rusl-ctype"
version = "0.1.0"
dependencies = [
 "rusl-core",
 "rusl-internal",
]

[[package]]
name = "rusl-env"
version = "0.1.0"
dependencies = [
 "rusl-core",
 "rusl-errno",
 "rusl-exit",
 "rusl-internal",
 "rusl-malloc",
 "rusl-string",
 "rusl-syscall",
 "rusl-unistd",
]

[[package]]
name = "rusl-errno"
version = "0.1.0"
dependencies = [
 "rusl-core",
]

[[package]]
name = "rusl-exit"
version = "0.1.0"
dependencies = [
 "rusl-core",
 "rusl-internal",
]

[[package]]
name = "rusl-internal"
version = "0.1.0"
dependencies = [
 "rusl-core",
 "rusl-errno",
]

[[package]]
name = "rusl-malloc"
version = "0.1.0"
dependencies = [
 "rusl-core",
 "rusl-errno",
 "rusl-internal",
 "rusl-string",
 "rusl-syscall",
]

[[package]]
name = "rusl-prng"
version = "0.1.0"
dependencies = [
 "rusl-core",
]

[[package]]
name = "rusl-regex"
version = "0.1.0"
dependencies = [
 "rusl-core",
 "rusl-ctype",
 "rusl-env",
 "rusl-errno",
 "rusl-internal",
 "rusl-malloc",
 "rusl-stdlib",
 "rusl-string",
]

[[package]]
name = "rusl-search"
version = "0.1.0"
dependencies = [
 "rusl-core",
 "rusl-malloc",
 "rusl-stdlib",
]

[[package]]
name = "rusl-stdio"
version = "0.1.0"
dependencies = [
 "rusl-core",
 "rusl-internal",
 "rusl-malloc",
 "rusl-stdlib",
 "rusl-string",
]

[[package]]
name = "rusl-stdlib"
version = "0.1.0"
dependencies = [
 "rusl-core",
 "rusl-errno",
 "rusl-internal",
 "rusl-string",
]

[[package]]
name = "rusl-string"
version = "0.1.0"
dependencies = [
 "rusl-core",
]

[[package]]
name = "rusl-syscall"
version = "0.1.0"

[[package]]
name = "rusl-unistd"
version = "0.1.0"
dependencies = [
 "rusl-core",
 "rusl-internal",
]

[[package]]
name = "test-framework"
version = "0.1.0"
